
Microsoft Visual Studio Solution File, Format Version 12.00
# Visual Studio Version 17
VisualStudioVersion = 17.0.31912.275
MinimumVisualStudioVersion = 10.0.40219.1
Project("{FAE04EC0-301F-11D3-BF4B-00C04F79EFBC}") = "HostelManagment.API", "HostelManagment.API\HostelManagment.API.csproj", "{ADE19F9E-FA4C-4A6E-AACB-BC3ED8EFB287}"
EndProject
Project("{FAE04EC0-301F-11D3-BF4B-00C04F79EFBC}") = "HostelManagment.Data", "HostelManagment.Data\HostelManagment.Data.csproj", "{BC40EDB2-4941-4CE1-9AE0-B818055079B1}"
EndProject
Project("{FAE04EC0-301F-11D3-BF4B-00C04F79EFBC}") = "HostelManagment.Models", "HostelManagment.Models\HostelManagment.Models.csproj", "{3E14879B-5CB0-415B-A13F-47861CEC73D4}"
EndProject
Global
	GlobalSection(SolutionConfigurationPlatforms) = preSolution
		Debug|Any CPU = Debug|Any CPU
		Release|Any CPU = Release|Any CPU
	EndGlobalSection
	GlobalSection(ProjectConfigurationPlatforms) = postSolution
		{ADE19F9E-FA4C-4A6E-AACB-BC3ED8EFB287}.Debug|Any CPU.ActiveCfg = Debug|Any CPU
		{ADE19F9E-FA4C-4A6E-AACB-BC3ED8EFB287}.Debug|Any CPU.Build.0 = Debug|Any CPU
		{ADE19F9E-FA4C-4A6E-AACB-BC3ED8EFB287}.Release|Any CPU.ActiveCfg = Release|Any CPU
		{ADE19F9E-FA4C-4A6E-AACB-BC3ED8EFB287}.Release|Any CPU.Build.0 = Release|Any CPU
		{BC40EDB2-4941-4CE1-9AE0-B818055079B1}.Debug|Any CPU.ActiveCfg = Debug|Any CPU
		{BC40EDB2-4941-4CE1-9AE0-B818055079B1}.Debug|Any CPU.Build.0 = Debug|Any CPU
		{BC40EDB2-4941-4CE1-9AE0-B818055079B1}.Release|Any CPU.ActiveCfg = Release|Any CPU
		{BC40EDB2-4941-4CE1-9AE0-B818055079B1}.Release|Any CPU.Build.0 = Release|Any CPU
		{3E14879B-5CB0-415B-A13F-47861CEC73D4}.Debug|Any CPU.ActiveCfg = Debug|Any CPU
		{3E14879B-5CB0-415B-A13F-47861CEC73D4}.Debug|Any CPU.Build.0 = Debug|Any CPU
		{3E14879B-5CB0-415B-A13F-47861CEC73D4}.Release|Any CPU.ActiveCfg = Release|Any CPU
		{3E14879B-5CB0-415B-A13F-47861CEC73D4}.Release|Any CPU.Build.0 = Release|Any CPU
	EndGlobalSection
	GlobalSection(SolutionProperties) = preSolution
		HideSolutionNode = FALSE
	EndGlobalSection
	GlobalSection(ExtensibilityGlobals) = postSolution
		SolutionGuid = {1BD0ADA3-4CF7-4317-BBF0-B3E89BA0890F}
	EndGlobalSection
EndGlobal
